
Microsoft Visual Studio Solution File, Format Version 12.00
# Visual Studio Version 17
VisualStudioVersion = 17.0.31903.59
MinimumVisualStudioVersion = 10.0.40219.1
Project("{2150E333-8FDC-42A3-9474-1A3956D46DE8}") = "src", "src", "{085EBC44-290A-4CD7-80FA-DDB0D62DF3B1}"
EndProject
Project("{FAE04EC0-301F-11D3-BF4B-00C04F79EFBC}") = "AlexaVoxCraft.Model", "src\AlexaVoxCraft.Model\AlexaVoxCraft.Model.csproj", "{71C503C7-DB61-4A15-A23B-CA7EC0168D63}"
EndProject
Project("{2150E333-8FDC-42A3-9474-1A3956D46DE8}") = "test", "test", "{C2B189AA-0578-45AF-9E85-C77A5DB87DF8}"
EndProject
Project("{FAE04EC0-301F-11D3-BF4B-00C04F79EFBC}") = "AlexaVoxCraft.Tests", "test\AlexaVoxCraft.Tests\AlexaVoxCraft.Tests.csproj", "{748BDF3D-A384-4319-8E32-0A04736034E3}"
EndProject
Project("{2150E333-8FDC-42A3-9474-1A3956D46DE8}") = "git", "git", "{07C12036-28B7-40EA-AE40-A14802EFEEE7}"
	ProjectSection(SolutionItems) = preProject
		.gitignore = .gitignore
		.github\workflows\build.yaml = .github\workflows\build.yaml
		.github\workflows\pr-build.yaml = .github\workflows\pr-build.yaml
	EndProjectSection
EndProject
Project("{2150E333-8FDC-42A3-9474-1A3956D46DE8}") = "samples", "samples", "{7756AA98-6912-4579-AB67-979A9FD0EC05}"
EndProject
Project("{FAE04EC0-301F-11D3-BF4B-00C04F79EFBC}") = "Sample.Skill.Function", "samples\Sample.Skill.Function\Sample.Skill.Function.csproj", "{CF7334AB-47AA-4CEE-8D3B-A79142D7E0D1}"
EndProject
Project("{2150E333-8FDC-42A3-9474-1A3956D46DE8}") = "Solution Items", "Solution Items", "{D63B8128-68F5-43C8-A9CE-22F51DB96F57}"
	ProjectSection(SolutionItems) = preProject
		README.md = README.md
		LICENSE = LICENSE
	EndProjectSection
EndProject
Project("{FAE04EC0-301F-11D3-BF4B-00C04F79EFBC}") = "AlexaVoxCraft.MediatR.Lambda", "src\AlexaVoxCraft.MediatR.Lambda\AlexaVoxCraft.MediatR.Lambda.csproj", "{B35A9218-4C94-4506-AE28-DA7A908A7FF6}"
EndProject
Project("{FAE04EC0-301F-11D3-BF4B-00C04F79EFBC}") = "AlexaVoxCraft.MediatR", "src\AlexaVoxCraft.MediatR\AlexaVoxCraft.MediatR.csproj", "{71EFEFF2-F14F-42A2-8B19-C777D6B866D0}"
EndProject
Global
	GlobalSection(SolutionConfigurationPlatforms) = preSolution
		Debug|Any CPU = Debug|Any CPU
		Release|Any CPU = Release|Any CPU
	EndGlobalSection
	GlobalSection(SolutionProperties) = preSolution
		HideSolutionNode = FALSE
	EndGlobalSection
	GlobalSection(NestedProjects) = preSolution
		{71C503C7-DB61-4A15-A23B-CA7EC0168D63} = {085EBC44-290A-4CD7-80FA-DDB0D62DF3B1}
		{748BDF3D-A384-4319-8E32-0A04736034E3} = {C2B189AA-0578-45AF-9E85-C77A5DB87DF8}
		{CF7334AB-47AA-4CEE-8D3B-A79142D7E0D1} = {7756AA98-6912-4579-AB67-979A9FD0EC05}
		{B35A9218-4C94-4506-AE28-DA7A908A7FF6} = {085EBC44-290A-4CD7-80FA-DDB0D62DF3B1}
		{71EFEFF2-F14F-42A2-8B19-C777D6B866D0} = {085EBC44-290A-4CD7-80FA-DDB0D62DF3B1}
	EndGlobalSection
	GlobalSection(ProjectConfigurationPlatforms) = postSolution
		{71C503C7-DB61-4A15-A23B-CA7EC0168D63}.Debug|Any CPU.ActiveCfg = Debug|Any CPU
		{71C503C7-DB61-4A15-A23B-CA7EC0168D63}.Debug|Any CPU.Build.0 = Debug|Any CPU
		{71C503C7-DB61-4A15-A23B-CA7EC0168D63}.Release|Any CPU.ActiveCfg = Release|Any CPU
		{71C503C7-DB61-4A15-A23B-CA7EC0168D63}.Release|Any CPU.Build.0 = Release|Any CPU
		{748BDF3D-A384-4319-8E32-0A04736034E3}.Debug|Any CPU.ActiveCfg = Debug|Any CPU
		{748BDF3D-A384-4319-8E32-0A04736034E3}.Debug|Any CPU.Build.0 = Debug|Any CPU
		{748BDF3D-A384-4319-8E32-0A04736034E3}.Release|Any CPU.ActiveCfg = Release|Any CPU
		{748BDF3D-A384-4319-8E32-0A04736034E3}.Release|Any CPU.Build.0 = Release|Any CPU
		{CF7334AB-47AA-4CEE-8D3B-A79142D7E0D1}.Debug|Any CPU.ActiveCfg = Debug|Any CPU
		{CF7334AB-47AA-4CEE-8D3B-A79142D7E0D1}.Debug|Any CPU.Build.0 = Debug|Any CPU
		{CF7334AB-47AA-4CEE-8D3B-A79142D7E0D1}.Release|Any CPU.ActiveCfg = Release|Any CPU
		{B35A9218-4C94-4506-AE28-DA7A908A7FF6}.Debug|Any CPU.ActiveCfg = Debug|Any CPU
		{B35A9218-4C94-4506-AE28-DA7A908A7FF6}.Debug|Any CPU.Build.0 = Debug|Any CPU
		{B35A9218-4C94-4506-AE28-DA7A908A7FF6}.Release|Any CPU.ActiveCfg = Release|Any CPU
		{B35A9218-4C94-4506-AE28-DA7A908A7FF6}.Release|Any CPU.Build.0 = Release|Any CPU
		{71EFEFF2-F14F-42A2-8B19-C777D6B866D0}.Debug|Any CPU.ActiveCfg = Debug|Any CPU
		{71EFEFF2-F14F-42A2-8B19-C777D6B866D0}.Debug|Any CPU.Build.0 = Debug|Any CPU
		{71EFEFF2-F14F-42A2-8B19-C777D6B866D0}.Release|Any CPU.ActiveCfg = Release|Any CPU
		{71EFEFF2-F14F-42A2-8B19-C777D6B866D0}.Release|Any CPU.Build.0 = Release|Any CPU
	EndGlobalSection
EndGlobal
