
Microsoft Visual Studio Solution File, Format Version 12.00
# Visual Studio Version 17
VisualStudioVersion = 17.0.31903.59
MinimumVisualStudioVersion = 10.0.40219.1
Project("{2150E333-8FDC-42A3-9474-1A3956D46DE8}") = "src", "src", "{085EBC44-290A-4CD7-80FA-DDB0D62DF3B1}"
EndProject
Project("{2150E333-8FDC-42A3-9474-1A3956D46DE8}") = "test", "test", "{C2B189AA-0578-45AF-9E85-C77A5DB87DF8}"
EndProject
Project("{2150E333-8FDC-42A3-9474-1A3956D46DE8}") = "git", "git", "{07C12036-28B7-40EA-AE40-A14802EFEEE7}"
	ProjectSection(SolutionItems) = preProject
		.gitignore = .gitignore
		.github\workflows\build.yaml = .github\workflows\build.yaml
		.github\workflows\pr-build.yaml = .github\workflows\pr-build.yaml
	EndProjectSection
EndProject
Project("{2150E333-8FDC-42A3-9474-1A3956D46DE8}") = "samples", "samples", "{7756AA98-6912-4579-AB67-979A9FD0EC05}"
EndProject
Project("{FAE04EC0-301F-11D3-BF4B-00C04F79EFBC}") = "Sample.Skill.Function", "samples\Sample.Skill.Function\Sample.Skill.Function.csproj", "{CF7334AB-47AA-4CEE-8D3B-A79142D7E0D1}"
EndProject
Project("{2150E333-8FDC-42A3-9474-1A3956D46DE8}") = "Solution Items", "Solution Items", "{D63B8128-68F5-43C8-A9CE-22F51DB96F57}"
	ProjectSection(SolutionItems) = preProject
		README.md = README.md
		LICENSE = LICENSE
		Directory.Build.props = Directory.Build.props
		NOTICE = NOTICE
		icon.png = icon.png
	EndProjectSection
EndProject
Project("{FAE04EC0-301F-11D3-BF4B-00C04F79EFBC}") = "AlexaVoxCraft.MediatR.Lambda", "src\AlexaVoxCraft.MediatR.Lambda\AlexaVoxCraft.MediatR.Lambda.csproj", "{B35A9218-4C94-4506-AE28-DA7A908A7FF6}"
EndProject
Project("{FAE04EC0-301F-11D3-BF4B-00C04F79EFBC}") = "AlexaVoxCraft.MediatR", "src\AlexaVoxCraft.MediatR\AlexaVoxCraft.MediatR.csproj", "{71EFEFF2-F14F-42A2-8B19-C777D6B866D0}"
EndProject
Project("{FAE04EC0-301F-11D3-BF4B-00C04F79EFBC}") = "AlexaVoxCraft.Model", "src\AlexaVoxCraft.Model\AlexaVoxCraft.Model.csproj", "{EA630F7D-E396-4842-8527-7A8FF4BBBF26}"
EndProject
Project("{FAE04EC0-301F-11D3-BF4B-00C04F79EFBC}") = "AlexaVoxCraft.Model.Tests", "test\AlexaVoxCraft.Model.Tests\AlexaVoxCraft.Model.Tests.csproj", "{F55FF113-034C-4479-BCD2-6817D4D1FB48}"
EndProject
Project("{FAE04EC0-301F-11D3-BF4B-00C04F79EFBC}") = "AlexaVoxCraft.Model.Apl", "src\AlexaVoxCraft.Model.Apl\AlexaVoxCraft.Model.Apl.csproj", "{8A9C259D-5C9C-4D85-9D57-BDBFBE42A0DB}"
EndProject
Project("{FAE04EC0-301F-11D3-BF4B-00C04F79EFBC}") = "AlexaVoxCraft.Model.Apl.Tests", "test\AlexaVoxCraft.Model.Apl.Tests\AlexaVoxCraft.Model.Apl.Tests.csproj", "{EF036596-6667-4979-AE3A-18D63A354F45}"
EndProject
Project("{FAE04EC0-301F-11D3-BF4B-00C04F79EFBC}") = "Sample.Apl.Function", "samples\Sample.Apl.Function\Sample.Apl.Function.csproj", "{7879F742-49FA-48B5-88B9-875008E71F9B}"
EndProject
Project("{FAE04EC0-301F-11D3-BF4B-00C04F79EFBC}") = "AlexaVoxCraft.Logging", "src\AlexaVoxCraft.Logging\AlexaVoxCraft.Logging.csproj", "{55152115-5321-4861-B2C6-D46251E902FF}"
EndProject
Global
	GlobalSection(SolutionConfigurationPlatforms) = preSolution
		Debug|Any CPU = Debug|Any CPU
		Release|Any CPU = Release|Any CPU
	EndGlobalSection
	GlobalSection(SolutionProperties) = preSolution
		HideSolutionNode = FALSE
	EndGlobalSection
	GlobalSection(NestedProjects) = preSolution
		{CF7334AB-47AA-4CEE-8D3B-A79142D7E0D1} = {7756AA98-6912-4579-AB67-979A9FD0EC05}
		{B35A9218-4C94-4506-AE28-DA7A908A7FF6} = {085EBC44-290A-4CD7-80FA-DDB0D62DF3B1}
		{71EFEFF2-F14F-42A2-8B19-C777D6B866D0} = {085EBC44-290A-4CD7-80FA-DDB0D62DF3B1}
		{EA630F7D-E396-4842-8527-7A8FF4BBBF26} = {085EBC44-290A-4CD7-80FA-DDB0D62DF3B1}
		{F55FF113-034C-4479-BCD2-6817D4D1FB48} = {C2B189AA-0578-45AF-9E85-C77A5DB87DF8}
		{8A9C259D-5C9C-4D85-9D57-BDBFBE42A0DB} = {085EBC44-290A-4CD7-80FA-DDB0D62DF3B1}
		{EF036596-6667-4979-AE3A-18D63A354F45} = {C2B189AA-0578-45AF-9E85-C77A5DB87DF8}
		{7879F742-49FA-48B5-88B9-875008E71F9B} = {7756AA98-6912-4579-AB67-979A9FD0EC05}
		{55152115-5321-4861-B2C6-D46251E902FF} = {085EBC44-290A-4CD7-80FA-DDB0D62DF3B1}
	EndGlobalSection
	GlobalSection(ProjectConfigurationPlatforms) = postSolution
		{CF7334AB-47AA-4CEE-8D3B-A79142D7E0D1}.Debug|Any CPU.ActiveCfg = Debug|Any CPU
		{CF7334AB-47AA-4CEE-8D3B-A79142D7E0D1}.Debug|Any CPU.Build.0 = Debug|Any CPU
		{CF7334AB-47AA-4CEE-8D3B-A79142D7E0D1}.Release|Any CPU.ActiveCfg = Release|Any CPU
		{B35A9218-4C94-4506-AE28-DA7A908A7FF6}.Debug|Any CPU.ActiveCfg = Debug|Any CPU
		{B35A9218-4C94-4506-AE28-DA7A908A7FF6}.Debug|Any CPU.Build.0 = Debug|Any CPU
		{B35A9218-4C94-4506-AE28-DA7A908A7FF6}.Release|Any CPU.ActiveCfg = Release|Any CPU
		{B35A9218-4C94-4506-AE28-DA7A908A7FF6}.Release|Any CPU.Build.0 = Release|Any CPU
		{71EFEFF2-F14F-42A2-8B19-C777D6B866D0}.Debug|Any CPU.ActiveCfg = Debug|Any CPU
		{71EFEFF2-F14F-42A2-8B19-C777D6B866D0}.Debug|Any CPU.Build.0 = Debug|Any CPU
		{71EFEFF2-F14F-42A2-8B19-C777D6B866D0}.Release|Any CPU.ActiveCfg = Release|Any CPU
		{71EFEFF2-F14F-42A2-8B19-C777D6B866D0}.Release|Any CPU.Build.0 = Release|Any CPU
		{EA630F7D-E396-4842-8527-7A8FF4BBBF26}.Debug|Any CPU.ActiveCfg = Debug|Any CPU
		{EA630F7D-E396-4842-8527-7A8FF4BBBF26}.Debug|Any CPU.Build.0 = Debug|Any CPU
		{EA630F7D-E396-4842-8527-7A8FF4BBBF26}.Release|Any CPU.ActiveCfg = Release|Any CPU
		{EA630F7D-E396-4842-8527-7A8FF4BBBF26}.Release|Any CPU.Build.0 = Release|Any CPU
		{F55FF113-034C-4479-BCD2-6817D4D1FB48}.Debug|Any CPU.ActiveCfg = Debug|Any CPU
		{F55FF113-034C-4479-BCD2-6817D4D1FB48}.Debug|Any CPU.Build.0 = Debug|Any CPU
		{F55FF113-034C-4479-BCD2-6817D4D1FB48}.Release|Any CPU.ActiveCfg = Release|Any CPU
		{F55FF113-034C-4479-BCD2-6817D4D1FB48}.Release|Any CPU.Build.0 = Release|Any CPU
		{8A9C259D-5C9C-4D85-9D57-BDBFBE42A0DB}.Debug|Any CPU.ActiveCfg = Debug|Any CPU
		{8A9C259D-5C9C-4D85-9D57-BDBFBE42A0DB}.Debug|Any CPU.Build.0 = Debug|Any CPU
		{8A9C259D-5C9C-4D85-9D57-BDBFBE42A0DB}.Release|Any CPU.ActiveCfg = Release|Any CPU
		{8A9C259D-5C9C-4D85-9D57-BDBFBE42A0DB}.Release|Any CPU.Build.0 = Release|Any CPU
		{EF036596-6667-4979-AE3A-18D63A354F45}.Debug|Any CPU.ActiveCfg = Debug|Any CPU
		{EF036596-6667-4979-AE3A-18D63A354F45}.Debug|Any CPU.Build.0 = Debug|Any CPU
		{EF036596-6667-4979-AE3A-18D63A354F45}.Release|Any CPU.ActiveCfg = Release|Any CPU
		{EF036596-6667-4979-AE3A-18D63A354F45}.Release|Any CPU.Build.0 = Release|Any CPU
		{7879F742-49FA-48B5-88B9-875008E71F9B}.Debug|Any CPU.ActiveCfg = Debug|Any CPU
		{7879F742-49FA-48B5-88B9-875008E71F9B}.Debug|Any CPU.Build.0 = Debug|Any CPU
		{7879F742-49FA-48B5-88B9-875008E71F9B}.Release|Any CPU.ActiveCfg = Release|Any CPU
		{55152115-5321-4861-B2C6-D46251E902FF}.Debug|Any CPU.ActiveCfg = Debug|Any CPU
		{55152115-5321-4861-B2C6-D46251E902FF}.Debug|Any CPU.Build.0 = Debug|Any CPU
		{55152115-5321-4861-B2C6-D46251E902FF}.Release|Any CPU.ActiveCfg = Release|Any CPU
		{55152115-5321-4861-B2C6-D46251E902FF}.Release|Any CPU.Build.0 = Release|Any CPU
	EndGlobalSection
EndGlobal
